# THIS IS AN AUTOGENERATED FILE. DO NOT EDIT THIS FILE DIRECTLY.
# yarn lockfile v1


uuid@^7.0.1:
  version "7.0.1"
  resolved "https://registry.yarnpkg.com/uuid/-/uuid-7.0.1.tgz#95ed6ff3d8c881cbf85f0f05cc3915ef994818ef"
  integrity sha512-yqjRXZzSJm9Dbl84H2VDHpM3zMjzSJQ+hn6C4zqd5ilW+7P4ZmLEEqwho9LjP+tGuZlF4xrHQXT0h9QZUS/pWA==
